
Microsoft Visual Studio Solution File, Format Version 12.00
# Visual Studio Version 17
VisualStudioVersion = 17.2.32602.215
MinimumVisualStudioVersion = 10.0.40219.1
Project("{FAE04EC0-301F-11D3-BF4B-00C04F79EFBC}") = "windowsServiceProject", "windowsServiceProject\windowsServiceProject.csproj", "{12381968-2EE2-4916-BEC7-B18EDE748261}"
EndProject
Global
	GlobalSection(SolutionConfigurationPlatforms) = preSolution
		Debug|Any CPU = Debug|Any CPU
		Release|Any CPU = Release|Any CPU
	EndGlobalSection
	GlobalSection(ProjectConfigurationPlatforms) = postSolution
		{12381968-2EE2-4916-BEC7-B18EDE748261}.Debug|Any CPU.ActiveCfg = Debug|Any CPU
		{12381968-2EE2-4916-BEC7-B18EDE748261}.Debug|Any CPU.Build.0 = Debug|Any CPU
		{12381968-2EE2-4916-BEC7-B18EDE748261}.Release|Any CPU.ActiveCfg = Release|Any CPU
		{12381968-2EE2-4916-BEC7-B18EDE748261}.Release|Any CPU.Build.0 = Release|Any CPU
	EndGlobalSection
	GlobalSection(SolutionProperties) = preSolution
		HideSolutionNode = FALSE
	EndGlobalSection
	GlobalSection(ExtensibilityGlobals) = postSolution
		SolutionGuid = {F2E819D1-EFDA-4F84-B913-8F23C94CBC96}
	EndGlobalSection
EndGlobal
